
Microsoft Visual Studio Solution File, Format Version 12.00
# Visual Studio Version 17
VisualStudioVersion = 17.4.33205.214
MinimumVisualStudioVersion = 10.0.40219.1
Project("{9A19103F-16F7-4668-BE54-9A1E7A4F7556}") = "Catalog.API", "Services\Catalog\Catalog.API\Catalog.API.csproj", "{53CC4DEC-6CE2-4FB1-A934-5DF768BCA867}"
EndProject
Project("{E53339B2-1760-4266-BCC7-CA923CBCF16C}") = "docker-compose", "docker-compose.dcproj", "{B5B35E3A-3ECB-440C-9003-7515B88961A5}"
EndProject
Global
	GlobalSection(SolutionConfigurationPlatforms) = preSolution
		Debug|Any CPU = Debug|Any CPU
		Release|Any CPU = Release|Any CPU
	EndGlobalSection
	GlobalSection(ProjectConfigurationPlatforms) = postSolution
		{53CC4DEC-6CE2-4FB1-A934-5DF768BCA867}.Debug|Any CPU.ActiveCfg = Debug|Any CPU
		{53CC4DEC-6CE2-4FB1-A934-5DF768BCA867}.Debug|Any CPU.Build.0 = Debug|Any CPU
		{53CC4DEC-6CE2-4FB1-A934-5DF768BCA867}.Release|Any CPU.ActiveCfg = Release|Any CPU
		{53CC4DEC-6CE2-4FB1-A934-5DF768BCA867}.Release|Any CPU.Build.0 = Release|Any CPU
		{B5B35E3A-3ECB-440C-9003-7515B88961A5}.Debug|Any CPU.ActiveCfg = Debug|Any CPU
		{B5B35E3A-3ECB-440C-9003-7515B88961A5}.Debug|Any CPU.Build.0 = Debug|Any CPU
		{B5B35E3A-3ECB-440C-9003-7515B88961A5}.Release|Any CPU.ActiveCfg = Release|Any CPU
		{B5B35E3A-3ECB-440C-9003-7515B88961A5}.Release|Any CPU.Build.0 = Release|Any CPU
	EndGlobalSection
	GlobalSection(SolutionProperties) = preSolution
		HideSolutionNode = FALSE
	EndGlobalSection
	GlobalSection(ExtensibilityGlobals) = postSolution
		SolutionGuid = {17127D6F-E2F1-4D0D-B686-08AE0F1BBED5}
	EndGlobalSection
EndGlobal
